github.com/valyala/fastjson v1.4.1 h1:hrltpHpIpkaxll8QltMU8c3QZ5+qIiCL8yKqPFJI/yE=
github.com/valyala/fastjson v1.4.1/go.mod h1:nV6MsjxL2IMJQUoHDIrjEI7oLyeqK6aBD7EFWPsvP8o=
github.com/yosssi/gmq v0.0.1 h1:GhlDVaAQoi3Mvjul/qJXXGfL4JBeE0GQwbWp3eIsja8=
github.com/yosssi/gmq v0.0.1/go.mod h1:mReykazh0U1JabvuWh1PEbzzJftqOQWsjr0Lwg5jL1Y=
